
Microsoft Visual Studio Solution File, Format Version 12.00
# Visual Studio Version 17
VisualStudioVersion = 17.8.34322.80
MinimumVisualStudioVersion = 10.0.40219.1
Project("{9A19103F-16F7-4668-BE54-9A1E7A4F7556}") = "Plotter", "Plotter.csproj", "{91F862A4-70D7-46DE-8411-ED246DC88CEA}"
EndProject
Project("{9A19103F-16F7-4668-BE54-9A1E7A4F7556}") = "Simulator", "..\simulator\Simulator\Simulator.csproj", "{CCEAF122-1D4D-4455-A234-99BB17CB84A8}"
EndProject
Global
	GlobalSection(SolutionConfigurationPlatforms) = preSolution
		Debug|Any CPU = Debug|Any CPU
		Release|Any CPU = Release|Any CPU
	EndGlobalSection
	GlobalSection(ProjectConfigurationPlatforms) = postSolution
		{91F862A4-70D7-46DE-8411-ED246DC88CEA}.Debug|Any CPU.ActiveCfg = Debug|Any CPU
		{91F862A4-70D7-46DE-8411-ED246DC88CEA}.Debug|Any CPU.Build.0 = Debug|Any CPU
		{91F862A4-70D7-46DE-8411-ED246DC88CEA}.Release|Any CPU.ActiveCfg = Release|Any CPU
		{91F862A4-70D7-46DE-8411-ED246DC88CEA}.Release|Any CPU.Build.0 = Release|Any CPU
		{CCEAF122-1D4D-4455-A234-99BB17CB84A8}.Debug|Any CPU.ActiveCfg = Debug|Any CPU
		{CCEAF122-1D4D-4455-A234-99BB17CB84A8}.Debug|Any CPU.Build.0 = Debug|Any CPU
		{CCEAF122-1D4D-4455-A234-99BB17CB84A8}.Release|Any CPU.ActiveCfg = Release|Any CPU
		{CCEAF122-1D4D-4455-A234-99BB17CB84A8}.Release|Any CPU.Build.0 = Release|Any CPU
	EndGlobalSection
	GlobalSection(SolutionProperties) = preSolution
		HideSolutionNode = FALSE
	EndGlobalSection
	GlobalSection(ExtensibilityGlobals) = postSolution
		SolutionGuid = {B4D216EF-3D4E-4A9B-B79F-5EF604DCF9A4}
	EndGlobalSection
EndGlobal
